
Microsoft Visual Studio Solution File, Format Version 12.00
# Visual Studio Version 17
VisualStudioVersion = 17.3.32804.467
MinimumVisualStudioVersion = 10.0.40219.1
Project("{8BC9CEB8-8B4A-11D0-8D11-00A0C91BC942}") = "循环链表", "循环链表.vcxproj", "{F4CB3A57-C9B3-43FC-B03C-F22B4AEB71FD}"
EndProject
Global
	GlobalSection(SolutionConfigurationPlatforms) = preSolution
		Debug|x64 = Debug|x64
		Debug|x86 = Debug|x86
		Release|x64 = Release|x64
		Release|x86 = Release|x86
	EndGlobalSection
	GlobalSection(ProjectConfigurationPlatforms) = postSolution
		{F4CB3A57-C9B3-43FC-B03C-F22B4AEB71FD}.Debug|x64.ActiveCfg = Debug|x64
		{F4CB3A57-C9B3-43FC-B03C-F22B4AEB71FD}.Debug|x64.Build.0 = Debug|x64
		{F4CB3A57-C9B3-43FC-B03C-F22B4AEB71FD}.Debug|x86.ActiveCfg = Debug|Win32
		{F4CB3A57-C9B3-43FC-B03C-F22B4AEB71FD}.Debug|x86.Build.0 = Debug|Win32
		{F4CB3A57-C9B3-43FC-B03C-F22B4AEB71FD}.Release|x64.ActiveCfg = Release|x64
		{F4CB3A57-C9B3-43FC-B03C-F22B4AEB71FD}.Release|x64.Build.0 = Release|x64
		{F4CB3A57-C9B3-43FC-B03C-F22B4AEB71FD}.Release|x86.ActiveCfg = Release|Win32
		{F4CB3A57-C9B3-43FC-B03C-F22B4AEB71FD}.Release|x86.Build.0 = Release|Win32
	EndGlobalSection
	GlobalSection(SolutionProperties) = preSolution
		HideSolutionNode = FALSE
	EndGlobalSection
	GlobalSection(ExtensibilityGlobals) = postSolution
		SolutionGuid = {437469BB-78F3-4004-A262-C9894F0ADDC7}
	EndGlobalSection
EndGlobal
